// !$*UTF8*$!
{
	archiveVersion = 1;
	classes = {
	};
	objectVersion = 56;
	objects = {

/* Begin PBXBuildFile section */
		362659A08D191DF5C81D9D11 /* Pods_maccontroller.framework in Frameworks */ = {isa = PBXBuildFile; fileRef = F81F6EB62564453C72AEC29F /* Pods_maccontroller.framework */; };
		C3703BFD2C14BA6A00E27B3F /* CredentialsView.swift in Sources */ = {isa = PBXBuildFile; fileRef = C3703BFC2C14BA6A00E27B3F /* CredentialsView.swift */; };
		C3F239142C14B02100B385EF /* maccontrollerApp.swift in Sources */ = {isa = PBXBuildFile; fileRef = C3F239132C14B02100B385EF /* maccontrollerApp.swift */; };
		C3F239162C14B02100B385EF /* ContentView.swift in Sources */ = {isa = PBXBuildFile; fileRef = C3F239152C14B02100B385EF /* ContentView.swift */; };
		C3F239182C14B02200B385EF /* Assets.xcassets in Resources */ = {isa = PBXBuildFile; fileRef = C3F239172C14B02200B385EF /* Assets.xcassets */; };
		C3F2391B2C14B02200B385EF /* Preview Assets.xcassets in Resources */ = {isa = PBXBuildFile; fileRef = C3F2391A2C14B02200B385EF /* Preview Assets.xcassets */; };
		C3F239222C14B06C00B385EF /* SSHManager.swift in Sources */ = {isa = PBXBuildFile; fileRef = C3F239212C14B06C00B385EF /* SSHManager.swift */; };
/* End PBXBuildFile section */

/* Begin PBXFileReference section */
		1A652F185FEBA82C178EF869 /* Pods-maccontroller.release.xcconfig */ = {isa = PBXFileReference; includeInIndex = 1; lastKnownFileType = text.xcconfig; name = "Pods-maccontroller.release.xcconfig"; path = "Target Support Files/Pods-maccontroller/Pods-maccontroller.release.xcconfig"; sourceTree = "<group>"; };
		C3703BFC2C14BA6A00E27B3F /* CredentialsView.swift */ = {isa = PBXFileReference; lastKnownFileType = sourcecode.swift; path = CredentialsView.swift; sourceTree = "<group>"; };
		C3703BFE2C14C05700E27B3F /* maccontroller.entitlements */ = {isa = PBXFileReference; lastKnownFileType = text.plist.entitlements; path = maccontroller.entitlements; sourceTree = "<group>"; };
		C3703BFF2C14C06F00E27B3F /* Info.plist */ = {isa = PBXFileReference; lastKnownFileType = text.plist; path = Info.plist; sourceTree = "<group>"; };
		C3F239102C14B02100B385EF /* maccontroller.app */ = {isa = PBXFileReference; explicitFileType = wrapper.application; includeInIndex = 0; path = maccontroller.app; sourceTree = BUILT_PRODUCTS_DIR; };
		C3F239132C14B02100B385EF /* maccontrollerApp.swift */ = {isa = PBXFileReference; lastKnownFileType = sourcecode.swift; path = maccontrollerApp.swift; sourceTree = "<group>"; };
		C3F239152C14B02100B385EF /* ContentView.swift */ = {isa = PBXFileReference; lastKnownFileType = sourcecode.swift; path = ContentView.swift; sourceTree = "<group>"; };
		C3F239172C14B02200B385EF /* Assets.xcassets */ = {isa = PBXFileReference; lastKnownFileType = folder.assetcatalog; path = Assets.xcassets; sourceTree = "<group>"; };
		C3F2391A2C14B02200B385EF /* Preview Assets.xcassets */ = {isa = PBXFileReference; lastKnownFileType = folder.assetcatalog; path = "Preview Assets.xcassets"; sourceTree = "<group>"; };
		C3F239212C14B06C00B385EF /* SSHManager.swift */ = {isa = PBXFileReference; lastKnownFileType = sourcecode.swift; path = SSHManager.swift; sourceTree = "<group>"; };
		E93E92BE3602B9692F071533 /* Pods-maccontroller.debug.xcconfig */ = {isa = PBXFileReference; includeInIndex = 1; lastKnownFileType = text.xcconfig; name = "Pods-maccontroller.debug.xcconfig"; path = "Target Support Files/Pods-maccontroller/Pods-maccontroller.debug.xcconfig"; sourceTree = "<group>"; };
		F81F6EB62564453C72AEC29F /* Pods_maccontroller.framework */ = {isa = PBXFileReference; explicitFileType = wrapper.framework; includeInIndex = 0; path = Pods_maccontroller.framework; sourceTree = BUILT_PRODUCTS_DIR; };
/* End PBXFileReference section */

/* Begin PBXFrameworksBuildPhase section */
		C3F2390D2C14B02100B385EF /* Frameworks */ = {
			isa = PBXFrameworksBuildPhase;
			buildActionMask = 2147483647;
			files = (
				362659A08D191DF5C81D9D11 /* Pods_maccontroller.framework in Frameworks */,
			);
			runOnlyForDeploymentPostprocessing = 0;
		};
/* End PBXFrameworksBuildPhase section */

/* Begin PBXGroup section */
		25A2C4ACB63D632064D0F3D3 /* Pods */ = {
			isa = PBXGroup;
			children = (
				E93E92BE3602B9692F071533 /* Pods-maccontroller.debug.xcconfig */,
				1A652F185FEBA82C178EF869 /* Pods-maccontroller.release.xcconfig */,
			);
			path = Pods;
			sourceTree = "<group>";
		};
		C3F239072C14B02100B385EF = {
			isa = PBXGroup;
			children = (
				C3F239122C14B02100B385EF /* maccontroller */,
				C3F239112C14B02100B385EF /* Products */,
				25A2C4ACB63D632064D0F3D3 /* Pods */,
				FBB6C20DCB7B4DA1E392CD9E /* Frameworks */,
			);
			sourceTree = "<group>";
		};
		C3F239112C14B02100B385EF /* Products */ = {
			isa = PBXGroup;
			children = (
				C3F239102C14B02100B385EF /* maccontroller.app */,
			);
			name = Products;
			sourceTree = "<group>";
		};
		C3F239122C14B02100B385EF /* maccontroller */ = {
			isa = PBXGroup;
			children = (
				C3703BFF2C14C06F00E27B3F /* Info.plist */,
				C3703BFE2C14C05700E27B3F /* maccontroller.entitlements */,
				C3F239132C14B02100B385EF /* maccontrollerApp.swift */,
				C3F239152C14B02100B385EF /* ContentView.swift */,
				C3F239172C14B02200B385EF /* Assets.xcassets */,
				C3F239192C14B02200B385EF /* Preview Content */,
				C3F239212C14B06C00B385EF /* SSHManager.swift */,
				C3703BFC2C14BA6A00E27B3F /* CredentialsView.swift */,
			);
			path = maccontroller;
			sourceTree = "<group>";
		};
		C3F239192C14B02200B385EF /* Preview Content */ = {
			isa = PBXGroup;
			children = (
				C3F2391A2C14B02200B385EF /* Preview Assets.xcassets */,
			);
			path = "Preview Content";
			sourceTree = "<group>";
		};
		FBB6C20DCB7B4DA1E392CD9E /* Frameworks */ = {
			isa = PBXGroup;
			children = (
				F81F6EB62564453C72AEC29F /* Pods_maccontroller.framework */,
			);
			name = Frameworks;
			sourceTree = "<group>";
		};
/* End PBXGroup section */

/* Begin PBXNativeTarget section */
		C3F2390F2C14B02100B385EF /* maccontroller */ = {
			isa = PBXNativeTarget;
			buildConfigurationList = C3F2391E2C14B02200B385EF /* Build configuration list for PBXNativeTarget "maccontroller" */;
			buildPhases = (
				00877ABCEE824DBF97D7466B /* [CP] Check Pods Manifest.lock */,
				C3F2390C2C14B02100B385EF /* Sources */,
				C3F2390D2C14B02100B385EF /* Frameworks */,
				C3F2390E2C14B02100B385EF /* Resources */,
				2E3B6BF0407138D5552F1679 /* [CP] Embed Pods Frameworks */,
			);
			buildRules = (
			);
			dependencies = (
			);
			name = maccontroller;
			productName = maccontroller;
			productReference = C3F239102C14B02100B385EF /* maccontroller.app */;
			productType = "com.apple.product-type.application";
		};
/* End PBXNativeTarget section */

/* Begin PBXProject section */
		C3F239082C14B02100B385EF /* Project object */ = {
			isa = PBXProject;
			attributes = {
				BuildIndependentTargetsInParallel = 1;
				LastSwiftUpdateCheck = 1530;
				LastUpgradeCheck = 1530;
				TargetAttributes = {
					C3F2390F2C14B02100B385EF = {
						CreatedOnToolsVersion = 15.3;
					};
				};
			};
			buildConfigurationList = C3F2390B2C14B02100B385EF /* Build configuration list for PBXProject "maccontroller" */;
			compatibilityVersion = "Xcode 14.0";
			developmentRegion = en;
			hasScannedForEncodings = 0;
			knownRegions = (
				en,
				Base,
			);
			mainGroup = C3F239072C14B02100B385EF;
			productRefGroup = C3F239112C14B02100B385EF /* Products */;
			projectDirPath = "";
			projectRoot = "";
			targets = (
				C3F2390F2C14B02100B385EF /* maccontroller */,
			);
		};
/* End PBXProject section */

/* Begin PBXResourcesBuildPhase section */
		C3F2390E2C14B02100B385EF /* Resources */ = {
			isa = PBXResourcesBuildPhase;
			buildActionMask = 2147483647;
			files = (
				C3F2391B2C14B02200B385EF /* Preview Assets.xcassets in Resources */,
				C3F239182C14B02200B385EF /* Assets.xcassets in Resources */,
			);
			runOnlyForDeploymentPostprocessing = 0;
		};
/* End PBXResourcesBuildPhase section */

/* Begin PBXShellScriptBuildPhase section */
		00877ABCEE824DBF97D7466B /* [CP] Check Pods Manifest.lock */ = {
			isa = PBXShellScriptBuildPhase;
			buildActionMask = 2147483647;
			files = (
			);
			inputFileListPaths = (
			);
			inputPaths = (
				"${PODS_PODFILE_DIR_PATH}/Podfile.lock",
				"${PODS_ROOT}/Manifest.lock",
			);
			name = "[CP] Check Pods Manifest.lock";
			outputFileListPaths = (
			);
			outputPaths = (
				"$(DERIVED_FILE_DIR)/Pods-maccontroller-checkManifestLockResult.txt",
			);
			runOnlyForDeploymentPostprocessing = 0;
			shellPath = /bin/sh;
			shellScript = "diff \"${PODS_PODFILE_DIR_PATH}/Podfile.lock\" \"${PODS_ROOT}/Manifest.lock\" > /dev/null\nif [ $? != 0 ] ; then\n    # print error to STDERR\n    echo \"error: The sandbox is not in sync with the Podfile.lock. Run 'pod install' or update your CocoaPods installation.\" >&2\n    exit 1\nfi\n# This output is used by Xcode 'outputs' to avoid re-running this script phase.\necho \"SUCCESS\" > \"${SCRIPT_OUTPUT_FILE_0}\"\n";
			showEnvVarsInLog = 0;
		};
		2E3B6BF0407138D5552F1679 /* [CP] Embed Pods Frameworks */ = {
			isa = PBXShellScriptBuildPhase;
			buildActionMask = 2147483647;
			files = (
			);
			inputFileListPaths = (
				"${PODS_ROOT}/Target Support Files/Pods-maccontroller/Pods-maccontroller-frameworks-${CONFIGURATION}-input-files.xcfilelist",
			);
			name = "[CP] Embed Pods Frameworks";
			outputFileListPaths = (
				"${PODS_ROOT}/Target Support Files/Pods-maccontroller/Pods-maccontroller-frameworks-${CONFIGURATION}-output-files.xcfilelist",
			);
			runOnlyForDeploymentPostprocessing = 0;
			shellPath = /bin/sh;
			shellScript = "\"${PODS_ROOT}/Target Support Files/Pods-maccontroller/Pods-maccontroller-frameworks.sh\"\n";
			showEnvVarsInLog = 0;
		};
/* End PBXShellScriptBuildPhase section */

/* Begin PBXSourcesBuildPhase section */
		C3F2390C2C14B02100B385EF /* Sources */ = {
			isa = PBXSourcesBuildPhase;
			buildActionMask = 2147483647;
			files = (
				C3F239162C14B02100B385EF /* ContentView.swift in Sources */,
				C3703BFD2C14BA6A00E27B3F /* CredentialsView.swift in Sources */,
				C3F239142C14B02100B385EF /* maccontrollerApp.swift in Sources */,
				C3F239222C14B06C00B385EF /* SSHManager.swift in Sources */,
			);
			runOnlyForDeploymentPostprocessing = 0;
		};
/* End PBXSourcesBuildPhase section */

/* Begin XCBuildConfiguration section */
		C3F2391C2C14B02200B385EF /* Debug */ = {
			isa = XCBuildConfiguration;
			buildSettings = {
				ALWAYS_SEARCH_USER_PATHS = NO;
				ASSETCATALOG_COMPILER_GENERATE_SWIFT_ASSET_SYMBOL_EXTENSIONS = YES;
				CLANG_ANALYZER_NONNULL = YES;
				CLANG_ANALYZER_NUMBER_OBJECT_CONVERSION = YES_AGGRESSIVE;
				CLANG_CXX_LANGUAGE_STANDARD = "gnu++20";
				CLANG_ENABLE_MODULES = YES;
				CLANG_ENABLE_OBJC_ARC = YES;
				CLANG_ENABLE_OBJC_WEAK = YES;
				CLANG_WARN_BLOCK_CAPTURE_AUTORELEASING = YES;
				CLANG_WARN_BOOL_CONVERSION = YES;
				CLANG_WARN_COMMA = YES;
				CLANG_WARN_CONSTANT_CONVERSION = YES;
				CLANG_WARN_DEPRECATED_OBJC_IMPLEMENTATIONS = YES;
				CLANG_WARN_DIRECT_OBJC_ISA_USAGE = YES_ERROR;
				CLANG_WARN_DOCUMENTATION_COMMENTS = YES;
				CLANG_WARN_EMPTY_BODY = YES;
				CLANG_WARN_ENUM_CONVERSION = YES;
				CLANG_WARN_INFINITE_RECURSION = YES;
				CLANG_WARN_INT_CONVERSION = YES;
				CLANG_WARN_NON_LITERAL_NULL_CONVERSION = YES;
				CLANG_WARN_OBJC_IMPLICIT_RETAIN_SELF = YES;
				CLANG_WARN_OBJC_LITERAL_CONVERSION = YES;
				CLANG_WARN_OBJC_ROOT_CLASS = YES_ERROR;
				CLANG_WARN_QUOTED_INCLUDE_IN_FRAMEWORK_HEADER = YES;
				CLANG_WARN_RANGE_LOOP_ANALYSIS = YES;
				CLANG_WARN_STRICT_PROTOTYPES = YES;
				CLANG_WARN_SUSPICIOUS_MOVE = YES;
				CLANG_WARN_UNGUARDED_AVAILABILITY = YES_AGGRESSIVE;
				CLANG_WARN_UNREACHABLE_CODE = YES;
				CLANG_WARN__DUPLICATE_METHOD_MATCH = YES;
				COPY_PHASE_STRIP = NO;
				DEBUG_INFORMATION_FORMAT = dwarf;
				ENABLE_STRICT_OBJC_MSGSEND = YES;
				ENABLE_TESTABILITY = YES;
				ENABLE_USER_SCRIPT_SANDBOXING = YES;
				GCC_C_LANGUAGE_STANDARD = gnu17;
				GCC_DYNAMIC_NO_PIC = NO;
				GCC_NO_COMMON_BLOCKS = YES;
				GCC_OPTIMIZATION_LEVEL = 0;
				GCC_PREPROCESSOR_DEFINITIONS = (
					"DEBUG=1",
					"$(inherited)",
				);
				GCC_WARN_64_TO_32_BIT_CONVERSION = YES;
				GCC_WARN_ABOUT_RETURN_TYPE = YES_ERROR;
				GCC_WARN_UNDECLARED_SELECTOR = YES;
				GCC_WARN_UNINITIALIZED_AUTOS = YES_AGGRESSIVE;
				GCC_WARN_UNUSED_FUNCTION = YES;
				GCC_WARN_UNUSED_VARIABLE = YES;
				IPHONEOS_DEPLOYMENT_TARGET = 17.4;
				LOCALIZATION_PREFERS_STRING_CATALOGS = YES;
				MTL_ENABLE_DEBUG_INFO = INCLUDE_SOURCE;
				MTL_FAST_MATH = YES;
				ONLY_ACTIVE_ARCH = YES;
				SDKROOT = iphoneos;
				SWIFT_ACTIVE_COMPILATION_CONDITIONS = "DEBUG $(inherited)";
				SWIFT_OPTIMIZATION_LEVEL = "-Onone";
			};
			name = Debug;
		};
		C3F2391D2C14B02200B385EF /* Release */ = {
			isa = XCBuildConfiguration;
			buildSettings = {
				ALWAYS_SEARCH_USER_PATHS = NO;
				ASSETCATALOG_COMPILER_GENERATE_SWIFT_ASSET_SYMBOL_EXTENSIONS = YES;
				CLANG_ANALYZER_NONNULL = YES;
				CLANG_ANALYZER_NUMBER_OBJECT_CONVERSION = YES_AGGRESSIVE;
				CLANG_CXX_LANGUAGE_STANDARD = "gnu++20";
				CLANG_ENABLE_MODULES = YES;
				CLANG_ENABLE_OBJC_ARC = YES;
				CLANG_ENABLE_OBJC_WEAK = YES;
				CLANG_WARN_BLOCK_CAPTURE_AUTORELEASING = YES;
				CLANG_WARN_BOOL_CONVERSION = YES;
				CLANG_WARN_COMMA = YES;
				CLANG_WARN_CONSTANT_CONVERSION = YES;
				CLANG_WARN_DEPRECATED_OBJC_IMPLEMENTATIONS = YES;
				CLANG_WARN_DIRECT_OBJC_ISA_USAGE = YES_ERROR;
				CLANG_WARN_DOCUMENTATION_COMMENTS = YES;
				CLANG_WARN_EMPTY_BODY = YES;
				CLANG_WARN_ENUM_CONVERSION = YES;
				CLANG_WARN_INFINITE_RECURSION = YES;
				CLANG_WARN_INT_CONVERSION = YES;
				CLANG_WARN_NON_LITERAL_NULL_CONVERSION = YES;
				CLANG_WARN_OBJC_IMPLICIT_RETAIN_SELF = YES;
				CLANG_WARN_OBJC_LITERAL_CONVERSION = YES;
				CLANG_WARN_OBJC_ROOT_CLASS = YES_ERROR;
				CLANG_WARN_QUOTED_INCLUDE_IN_FRAMEWORK_HEADER = YES;
				CLANG_WARN_RANGE_LOOP_ANALYSIS = YES;
				CLANG_WARN_STRICT_PROTOTYPES = YES;
				CLANG_WARN_SUSPICIOUS_MOVE = YES;
				CLANG_WARN_UNGUARDED_AVAILABILITY = YES_AGGRESSIVE;
				CLANG_WARN_UNREACHABLE_CODE = YES;
				CLANG_WARN__DUPLICATE_METHOD_MATCH = YES;
				COPY_PHASE_STRIP = NO;
				DEBUG_INFORMATION_FORMAT = "dwarf-with-dsym";
				ENABLE_NS_ASSERTIONS = NO;
				ENABLE_STRICT_OBJC_MSGSEND = YES;
				ENABLE_USER_SCRIPT_SANDBOXING = YES;
				GCC_C_LANGUAGE_STANDARD = gnu17;
				GCC_NO_COMMON_BLOCKS = YES;
				GCC_WARN_64_TO_32_BIT_CONVERSION = YES;
				GCC_WARN_ABOUT_RETURN_TYPE = YES_ERROR;
				GCC_WARN_UNDECLARED_SELECTOR = YES;
				GCC_WARN_UNINITIALIZED_AUTOS = YES_AGGRESSIVE;
				GCC_WARN_UNUSED_FUNCTION = YES;
				GCC_WARN_UNUSED_VARIABLE = YES;
				IPHONEOS_DEPLOYMENT_TARGET = 17.4;
				LOCALIZATION_PREFERS_STRING_CATALOGS = YES;
				MTL_ENABLE_DEBUG_INFO = NO;
				MTL_FAST_MATH = YES;
				SDKROOT = iphoneos;
				SWIFT_COMPILATION_MODE = wholemodule;
				VALIDATE_PRODUCT = YES;
			};
			name = Release;
		};
		C3F2391F2C14B02200B385EF /* Debug */ = {
			isa = XCBuildConfiguration;
			baseConfigurationReference = E93E92BE3602B9692F071533 /* Pods-maccontroller.debug.xcconfig */;
			buildSettings = {
				ASSETCATALOG_COMPILER_APPICON_NAME = AppIcon;
				ASSETCATALOG_COMPILER_GLOBAL_ACCENT_COLOR_NAME = AccentColor;
				CODE_SIGN_ENTITLEMENTS = maccontroller/maccontroller.entitlements;
				CODE_SIGN_STYLE = Automatic;
				CURRENT_PROJECT_VERSION = 1;
				DEVELOPMENT_ASSET_PATHS = "\"maccontroller/Preview Content\"";
				DEVELOPMENT_TEAM = L9GAY2VTPZ;
				ENABLE_PREVIEWS = YES;
				ENABLE_USER_SCRIPT_SANDBOXING = NO;
				GENERATE_INFOPLIST_FILE = YES;
				INFOPLIST_FILE = maccontroller/Info.plist;
				INFOPLIST_KEY_UIApplicationSceneManifest_Generation = YES;
				INFOPLIST_KEY_UIApplicationSupportsIndirectInputEvents = YES;
				INFOPLIST_KEY_UILaunchScreen_Generation = YES;
				INFOPLIST_KEY_UISupportedInterfaceOrientations_iPad = "UIInterfaceOrientationPortrait UIInterfaceOrientationPortraitUpsideDown UIInterfaceOrientationLandscapeLeft UIInterfaceOrientationLandscapeRight";
				INFOPLIST_KEY_UISupportedInterfaceOrientations_iPhone = "UIInterfaceOrientationPortrait UIInterfaceOrientationLandscapeLeft UIInterfaceOrientationLandscapeRight";
				LD_RUNPATH_SEARCH_PATHS = (
					"$(inherited)",
					"@executable_path/Frameworks",
				);
				MARKETING_VERSION = 1.0;
				PRODUCT_BUNDLE_IDENTIFIER = com.emre.maccontroller;
				PRODUCT_NAME = "$(TARGET_NAME)";
				SWIFT_EMIT_LOC_STRINGS = YES;
				SWIFT_VERSION = 5.0;
				TARGETED_DEVICE_FAMILY = "1,2";
			};
			name = Debug;
		};
		C3F239202C14B02200B385EF /* Release */ = {
			isa = XCBuildConfiguration;
			baseConfigurationReference = 1A652F185FEBA82C178EF869 /* Pods-maccontroller.release.xcconfig */;
			buildSettings = {
				ASSETCATALOG_COMPILER_APPICON_NAME = AppIcon;
				ASSETCATALOG_COMPILER_GLOBAL_ACCENT_COLOR_NAME = AccentColor;
				CODE_SIGN_ENTITLEMENTS = maccontroller/maccontroller.entitlements;
				CODE_SIGN_STYLE = Automatic;
				CURRENT_PROJECT_VERSION = 1;
				DEVELOPMENT_ASSET_PATHS = "\"maccontroller/Preview Content\"";
				DEVELOPMENT_TEAM = L9GAY2VTPZ;
				ENABLE_PREVIEWS = YES;
				ENABLE_USER_SCRIPT_SANDBOXING = NO;
				GENERATE_INFOPLIST_FILE = YES;
				INFOPLIST_FILE = maccontroller/Info.plist;
				INFOPLIST_KEY_UIApplicationSceneManifest_Generation = YES;
				INFOPLIST_KEY_UIApplicationSupportsIndirectInputEvents = YES;
				INFOPLIST_KEY_UILaunchScreen_Generation = YES;
				INFOPLIST_KEY_UISupportedInterfaceOrientations_iPad = "UIInterfaceOrientationPortrait UIInterfaceOrientationPortraitUpsideDown UIInterfaceOrientationLandscapeLeft UIInterfaceOrientationLandscapeRight";
				INFOPLIST_KEY_UISupportedInterfaceOrientations_iPhone = "UIInterfaceOrientationPortrait UIInterfaceOrientationLandscapeLeft UIInterfaceOrientationLandscapeRight";
				LD_RUNPATH_SEARCH_PATHS = (
					"$(inherited)",
					"@executable_path/Frameworks",
				);
				MARKETING_VERSION = 1.0;
				PRODUCT_BUNDLE_IDENTIFIER = com.emre.maccontroller;
				PRODUCT_NAME = "$(TARGET_NAME)";
				SWIFT_EMIT_LOC_STRINGS = YES;
				SWIFT_VERSION = 5.0;
				TARGETED_DEVICE_FAMILY = "1,2";
			};
			name = Release;
		};
/* End XCBuildConfiguration section */

/* Begin XCConfigurationList section */
		C3F2390B2C14B02100B385EF /* Build configuration list for PBXProject "maccontroller" */ = {
			isa = XCConfigurationList;
			buildConfigurations = (
				C3F2391C2C14B02200B385EF /* Debug */,
				C3F2391D2C14B02200B385EF /* Release */,
			);
			defaultConfigurationIsVisible = 0;
			defaultConfigurationName = Release;
		};
		C3F2391E2C14B02200B385EF /* Build configuration list for PBXNativeTarget "maccontroller" */ = {
			isa = XCConfigurationList;
			buildConfigurations = (
				C3F2391F2C14B02200B385EF /* Debug */,
				C3F239202C14B02200B385EF /* Release */,
			);
			defaultConfigurationIsVisible = 0;
			defaultConfigurationName = Release;
		};
/* End XCConfigurationList section */
	};
	rootObject = C3F239082C14B02100B385EF /* Project object */;
}
